// !$*UTF8*$!
{
	archiveVersion = 1;
	classes = {
	};
	objectVersion = 70;
	objects = {

/* Begin PBXFileReference section */
		C70000000000000000000003 /* Napkin.app */ = {isa = PBXFileReference; explicitFileType = wrapper.application; includeInIndex = 0; path = Napkin.app; sourceTree = BUILT_PRODUCTS_DIR; };
		C70000000000000000000040 /* Napkin-Info.plist */ = {isa = PBXFileReference; lastKnownFileType = text.plist.xml; path = "Napkin-Info.plist"; sourceTree = "<group>"; };
		C70000000000000000000041 /* Napkin.entitlements */ = {isa = PBXFileReference; lastKnownFileType = text.plist.entitlements; path = Napkin.entitlements; sourceTree = "<group>"; };
/* End PBXFileReference section */

/* Begin PBXFileSystemSynchronizedRootGroup section */
		C70000000000000000000020 /* Napkin */ = {isa = PBXFileSystemSynchronizedRootGroup; explicitFileTypes = {}; explicitFolders = (); path = Napkin; sourceTree = "<group>"; };
/* End PBXFileSystemSynchronizedRootGroup section */

/* Begin PBXFrameworksBuildPhase section */
		C70000000000000000000004 /* Frameworks */ = {
			isa = PBXFrameworksBuildPhase;
			buildActionMask = 2147483647;
			files = (
			);
			runOnlyForDeploymentPostprocessing = 0;
		};
/* End PBXFrameworksBuildPhase section */

/* Begin PBXGroup section */
		C70000000000000000000005 = {
			isa = PBXGroup;
			children = (
				C70000000000000000000020 /* Napkin */,
				C70000000000000000000040 /* Napkin-Info.plist */,
				C70000000000000000000041 /* Napkin.entitlements */,
				C70000000000000000000007 /* Products */,
			);
			sourceTree = "<group>";
		};
		C70000000000000000000007 /* Products */ = {
			isa = PBXGroup;
			children = (
				C70000000000000000000003 /* Napkin.app */,
			);
			name = Products;
			sourceTree = "<group>";
		};
/* End PBXGroup section */

/* Begin PBXNativeTarget section */
		C70000000000000000000008 /* Napkin */ = {
			isa = PBXNativeTarget;
			buildConfigurationList = C70000000000000000000009 /* Build configuration list for PBXNativeTarget "Napkin" */;
			buildPhases = (
				C7000000000000000000000A /* Sources */,
				C70000000000000000000004 /* Frameworks */,
				C7000000000000000000000B /* Resources */,
				C70000000000000000000050 /* Copy the web app */,
			);
			buildRules = (
			);
			dependencies = (
			);
			fileSystemSynchronizedGroups = (
				C70000000000000000000020 /* Napkin */,
			);
			name = Napkin;
			productName = Napkin;
			productReference = C70000000000000000000003 /* Napkin.app */;
			productType = "com.apple.product-type.application";
		};
/* End PBXNativeTarget section */

/* Begin PBXProject section */
		C7000000000000000000000C /* Project object */ = {
			isa = PBXProject;
			attributes = {
				BuildIndependentTargetsInParallel = 1;
				LastSwiftUpdateCheck = 2700;
				LastUpgradeCheck = 2700;
				TargetAttributes = {
					C70000000000000000000008 = {
						CreatedOnToolsVersion = 27.0;
					};
				};
			};
			buildConfigurationList = C7000000000000000000000D /* Build configuration list for PBXProject "Napkin" */;
			compatibilityVersion = "Xcode 14.0";
			developmentRegion = en;
			hasScannedForEncodings = 0;
			knownRegions = (
				en,
				Base,
			);
			mainGroup = C70000000000000000000005;
			productRefGroup = C70000000000000000000007 /* Products */;
			projectDirPath = "";
			projectRoot = "";
			targets = (
				C70000000000000000000008 /* Napkin */,
			);
		};
/* End PBXProject section */

/* Begin PBXResourcesBuildPhase section */
		C7000000000000000000000B /* Resources */ = {
			isa = PBXResourcesBuildPhase;
			buildActionMask = 2147483647;
			files = (
			);
			runOnlyForDeploymentPostprocessing = 0;
		};
/* End PBXResourcesBuildPhase section */

/* Begin PBXShellScriptBuildPhase section */
		C70000000000000000000050 /* Copy the web app */ = {
			isa = PBXShellScriptBuildPhase;
			alwaysOutOfDate = 1;
			buildActionMask = 2147483647;
			files = (
			);
			inputPaths = (
			);
			name = "Copy the web app";
			outputPaths = (
			);
			runOnlyForDeploymentPostprocessing = 0;
			shellPath = /bin/sh;
			shellScript = "# The page itself: the web files at the top of this repo (the same ones GitHub Pages serves), minus the\n# offline service worker, which an app doesn't need.\nWEB=\"${TARGET_BUILD_DIR}/${UNLOCALIZED_RESOURCES_FOLDER_PATH}/Web\"\nrm -rf \"$WEB\"\nmkdir -p \"$WEB\"\ncd \"${SRCROOT}/..\"\nfor f in index.html style.css manifest.webmanifest *.js; do [ \"$f\" = sw.js ] || cp \"$f\" \"$WEB/\"; done\ncp -R icons intro \"$WEB/\"\nrm -f \"$WEB\"/intro/w*.webp   # the web version's guide pictures\n";
		};
/* End PBXShellScriptBuildPhase section */

/* Begin PBXSourcesBuildPhase section */
		C7000000000000000000000A /* Sources */ = {
			isa = PBXSourcesBuildPhase;
			buildActionMask = 2147483647;
			files = (
			);
			runOnlyForDeploymentPostprocessing = 0;
		};
/* End PBXSourcesBuildPhase section */

/* Begin XCBuildConfiguration section */
		C7000000000000000000000E /* Debug */ = {
			isa = XCBuildConfiguration;
			buildSettings = {
				ALWAYS_SEARCH_USER_PATHS = NO;
				CLANG_ENABLE_MODULES = YES;
				DEBUG_INFORMATION_FORMAT = dwarf;
				ENABLE_TESTABILITY = YES;
				GCC_OPTIMIZATION_LEVEL = 0;
				IPHONEOS_DEPLOYMENT_TARGET = 17.0;
				ONLY_ACTIVE_ARCH = YES;
				SDKROOT = iphoneos;
				SWIFT_ACTIVE_COMPILATION_CONDITIONS = DEBUG;
				SWIFT_OPTIMIZATION_LEVEL = "-Onone";
			};
			name = Debug;
		};
		C7000000000000000000000F /* Release */ = {
			isa = XCBuildConfiguration;
			buildSettings = {
				ALWAYS_SEARCH_USER_PATHS = NO;
				CLANG_ENABLE_MODULES = YES;
				DEBUG_INFORMATION_FORMAT = "dwarf-with-dsym";
				IPHONEOS_DEPLOYMENT_TARGET = 17.0;
				SDKROOT = iphoneos;
				SWIFT_COMPILATION_MODE = wholemodule;
				VALIDATE_PRODUCT = YES;
			};
			name = Release;
		};
		C70000000000000000000010 /* Debug */ = {
			isa = XCBuildConfiguration;
			buildSettings = {
				ASSETCATALOG_COMPILER_APPICON_NAME = AppIcon;
				CODE_SIGN_ENTITLEMENTS = Napkin.entitlements;
				CODE_SIGN_STYLE = Automatic;
				CURRENT_PROJECT_VERSION = 1;
				DEVELOPMENT_TEAM = RF67S757MX;
				GENERATE_INFOPLIST_FILE = YES;
				INFOPLIST_FILE = "Napkin-Info.plist";
				INFOPLIST_KEY_CFBundleDisplayName = Napkin;
				INFOPLIST_KEY_UIApplicationSceneManifest_Generation = YES;
				ENABLE_USER_SCRIPT_SANDBOXING = NO;
				INFOPLIST_KEY_UISupportedInterfaceOrientations_iPhone = UIInterfaceOrientationPortrait;
				MARKETING_VERSION = 1.0;
				PRODUCT_BUNDLE_IDENTIFIER = com.abodh.napkin;
				PRODUCT_NAME = "$(TARGET_NAME)";
				SWIFT_VERSION = 5.0;
				TARGETED_DEVICE_FAMILY = 1;
			};
			name = Debug;
		};
		C70000000000000000000011 /* Release */ = {
			isa = XCBuildConfiguration;
			buildSettings = {
				ASSETCATALOG_COMPILER_APPICON_NAME = AppIcon;
				CODE_SIGN_ENTITLEMENTS = Napkin.entitlements;
				CODE_SIGN_STYLE = Automatic;
				CURRENT_PROJECT_VERSION = 1;
				DEVELOPMENT_TEAM = RF67S757MX;
				GENERATE_INFOPLIST_FILE = YES;
				INFOPLIST_FILE = "Napkin-Info.plist";
				INFOPLIST_KEY_CFBundleDisplayName = Napkin;
				INFOPLIST_KEY_UIApplicationSceneManifest_Generation = YES;
				ENABLE_USER_SCRIPT_SANDBOXING = NO;
				INFOPLIST_KEY_UISupportedInterfaceOrientations_iPhone = UIInterfaceOrientationPortrait;
				MARKETING_VERSION = 1.0;
				PRODUCT_BUNDLE_IDENTIFIER = com.abodh.napkin;
				PRODUCT_NAME = "$(TARGET_NAME)";
				SWIFT_VERSION = 5.0;
				TARGETED_DEVICE_FAMILY = 1;
			};
			name = Release;
		};
/* End XCBuildConfiguration section */

/* Begin XCConfigurationList section */
		C70000000000000000000009 /* Build configuration list for PBXNativeTarget "Napkin" */ = {
			isa = XCConfigurationList;
			buildConfigurations = (
				C70000000000000000000010 /* Debug */,
				C70000000000000000000011 /* Release */,
			);
			defaultConfigurationIsVisible = 0;
			defaultConfigurationName = Release;
		};
		C7000000000000000000000D /* Build configuration list for PBXProject "Napkin" */ = {
			isa = XCConfigurationList;
			buildConfigurations = (
				C7000000000000000000000E /* Debug */,
				C7000000000000000000000F /* Release */,
			);
			defaultConfigurationIsVisible = 0;
			defaultConfigurationName = Release;
		};
/* End XCConfigurationList section */
	};
	rootObject = C7000000000000000000000C /* Project object */;
}
